{
  "version": 4,
  "terraform_version": "1.13.5",
  "serial": 6,
  "lineage": "f0bbc25d-8f68-b412-6c1f-ce7b32b3591d",
  "outputs": {},
  "resources": [
    {
      "module": "module.vpc",
      "mode": "managed",
      "type": "aws_vpc",
      "name": "main",
      "provider": "provider[\"registry.terraform.io/hashicorp/aws\"]",
      "instances": [
        {
          "schema_version": 1,
          "attributes": {
            "arn": "arn:aws:ec2:us-east-1:577927099755:vpc/vpc-0fa8bd4a45c44ef08",
            "assign_generated_ipv6_cidr_block": false,
            "cidr_block": "10.1.0.0/16",
            "default_network_acl_id": "acl-09615042a94bee631",
            "default_route_table_id": "rtb-0ae323be66a12a7bd",
            "default_security_group_id": "sg-083679eddb1cb2637",
            "dhcp_options_id": "dopt-099dbe341f6904d47",
            "enable_dns_hostnames": false,
            "enable_dns_support": true,
            "enable_network_address_usage_metrics": false,
            "id": "vpc-0fa8bd4a45c44ef08",
            "instance_tenancy": "default",
            "ipv4_ipam_pool_id": null,
            "ipv4_netmask_length": null,
            "ipv6_association_id": "",
            "ipv6_cidr_block": "",
            "ipv6_cidr_block_network_border_group": "",
            "ipv6_ipam_pool_id": "",
            "ipv6_netmask_length": 0,
            "main_route_table_id": "rtb-0ae323be66a12a7bd",
            "owner_id": "577927099755",
            "region": "us-east-1",
            "tags": {
              "Name": "lm-vpc"
            },
            "tags_all": {
              "Name": "lm-vpc"
            }
          },
          "sensitive_attributes": [],
          "identity_schema_version": 0,
          "identity": {
            "account_id": "577927099755",
            "id": "vpc-0fa8bd4a45c44ef08",
            "region": "us-east-1"
          },
          "private": "eyJzY2hlbWFfdmVyc2lvbiI6IjEifQ=="
        }
      ]
    }
  ],
  "check_results": null
}
