{
  "version": 4,
  "terraform_version": "1.13.5",
  "serial": 33,
  "lineage": "f0bbc25d-8f68-b412-6c1f-ce7b32b3591d",
  "outputs": {},
  "resources": [
    {
      "module": "module.rds",
      "mode": "managed",
      "type": "aws_db_subnet_group",
      "name": "this",
      "provider": "provider[\"registry.terraform.io/hashicorp/aws\"]",
      "instances": [
        {
          "schema_version": 0,
          "attributes": {
            "arn": "arn:aws:rds:us-east-1:577927099755:subgrp:rds-ml-subnets-group",
            "description": "Managed by Terraform",
            "id": "rds-ml-subnets-group",
            "name": "rds-ml-subnets-group",
            "name_prefix": "",
            "region": "us-east-1",
            "subnet_ids": [
              "subnet-020309d9ce6384f4b",
              "subnet-0b4e46b326fe60f73"
            ],
            "supported_network_types": [
              "IPV4"
            ],
            "tags": {
              "Name": "rds-ml-subnets-group"
            },
            "tags_all": {
              "Name": "rds-ml-subnets-group"
            },
            "vpc_id": "vpc-05175b5d34401ce87"
          },
          "sensitive_attributes": [],
          "identity_schema_version": 0,
          "private": "bnVsbA==",
          "dependencies": [
            "module.subnet-1.aws_subnet.this",
            "module.subnet-2.aws_subnet.this",
            "module.vpc.aws_vpc.this"
          ]
        }
      ]
    },
    {
      "module": "module.subnet-1",
      "mode": "managed",
      "type": "aws_subnet",
      "name": "this",
      "provider": "provider[\"registry.terraform.io/hashicorp/aws\"]",
      "instances": [
        {
          "schema_version": 1,
          "attributes": {
            "arn": "arn:aws:ec2:us-east-1:577927099755:subnet/subnet-0b4e46b326fe60f73",
            "assign_ipv6_address_on_creation": false,
            "availability_zone": "us-east-1a",
            "availability_zone_id": "use1-az1",
            "cidr_block": "10.1.1.0/24",
            "customer_owned_ipv4_pool": "",
            "enable_dns64": false,
            "enable_lni_at_device_index": 0,
            "enable_resource_name_dns_a_record_on_launch": false,
            "enable_resource_name_dns_aaaa_record_on_launch": false,
            "id": "subnet-0b4e46b326fe60f73",
            "ipv6_cidr_block": "",
            "ipv6_cidr_block_association_id": "",
            "ipv6_native": false,
            "map_customer_owned_ip_on_launch": false,
            "map_public_ip_on_launch": false,
            "outpost_arn": "",
            "owner_id": "577927099755",
            "private_dns_hostname_type_on_launch": "ip-name",
            "region": "us-east-1",
            "tags": {
              "Name": "ml-subnet-1"
            },
            "tags_all": {
              "Name": "ml-subnet-1"
            },
            "timeouts": null,
            "vpc_id": "vpc-05175b5d34401ce87"
          },
          "sensitive_attributes": [],
          "identity_schema_version": 0,
          "identity": {
            "account_id": "577927099755",
            "id": "subnet-0b4e46b326fe60f73",
            "region": "us-east-1"
          },
          "private": "eyJlMmJmYjczMC1lY2FhLTExZTYtOGY4OC0zNDM2M2JjN2M0YzAiOnsiY3JlYXRlIjo2MDAwMDAwMDAwMDAsImRlbGV0ZSI6MTIwMDAwMDAwMDAwMH0sInNjaGVtYV92ZXJzaW9uIjoiMSJ9",
          "dependencies": [
            "module.vpc.aws_vpc.this"
          ]
        }
      ]
    },
    {
      "module": "module.subnet-2",
      "mode": "managed",
      "type": "aws_subnet",
      "name": "this",
      "provider": "provider[\"registry.terraform.io/hashicorp/aws\"]",
      "instances": [
        {
          "schema_version": 1,
          "attributes": {
            "arn": "arn:aws:ec2:us-east-1:577927099755:subnet/subnet-020309d9ce6384f4b",
            "assign_ipv6_address_on_creation": false,
            "availability_zone": "us-east-1b",
            "availability_zone_id": "use1-az2",
            "cidr_block": "10.1.2.0/24",
            "customer_owned_ipv4_pool": "",
            "enable_dns64": false,
            "enable_lni_at_device_index": 0,
            "enable_resource_name_dns_a_record_on_launch": false,
            "enable_resource_name_dns_aaaa_record_on_launch": false,
            "id": "subnet-020309d9ce6384f4b",
            "ipv6_cidr_block": "",
            "ipv6_cidr_block_association_id": "",
            "ipv6_native": false,
            "map_customer_owned_ip_on_launch": false,
            "map_public_ip_on_launch": false,
            "outpost_arn": "",
            "owner_id": "577927099755",
            "private_dns_hostname_type_on_launch": "ip-name",
            "region": "us-east-1",
            "tags": {
              "Name": "ml-subnet-2"
            },
            "tags_all": {
              "Name": "ml-subnet-2"
            },
            "timeouts": null,
            "vpc_id": "vpc-05175b5d34401ce87"
          },
          "sensitive_attributes": [],
          "identity_schema_version": 0,
          "identity": {
            "account_id": "577927099755",
            "id": "subnet-020309d9ce6384f4b",
            "region": "us-east-1"
          },
          "private": "eyJlMmJmYjczMC1lY2FhLTExZTYtOGY4OC0zNDM2M2JjN2M0YzAiOnsiY3JlYXRlIjo2MDAwMDAwMDAwMDAsImRlbGV0ZSI6MTIwMDAwMDAwMDAwMH0sInNjaGVtYV92ZXJzaW9uIjoiMSJ9",
          "dependencies": [
            "module.vpc.aws_vpc.this"
          ]
        }
      ]
    },
    {
      "module": "module.vpc",
      "mode": "managed",
      "type": "aws_vpc",
      "name": "this",
      "provider": "provider[\"registry.terraform.io/hashicorp/aws\"]",
      "instances": [
        {
          "schema_version": 1,
          "attributes": {
            "arn": "arn:aws:ec2:us-east-1:577927099755:vpc/vpc-05175b5d34401ce87",
            "assign_generated_ipv6_cidr_block": false,
            "cidr_block": "10.1.0.0/16",
            "default_network_acl_id": "acl-08c11a3619be34462",
            "default_route_table_id": "rtb-0a88147cc75d7e3e2",
            "default_security_group_id": "sg-0649ad59161d45abb",
            "dhcp_options_id": "dopt-099dbe341f6904d47",
            "enable_dns_hostnames": false,
            "enable_dns_support": true,
            "enable_network_address_usage_metrics": false,
            "id": "vpc-05175b5d34401ce87",
            "instance_tenancy": "default",
            "ipv4_ipam_pool_id": null,
            "ipv4_netmask_length": null,
            "ipv6_association_id": "",
            "ipv6_cidr_block": "",
            "ipv6_cidr_block_network_border_group": "",
            "ipv6_ipam_pool_id": "",
            "ipv6_netmask_length": 0,
            "main_route_table_id": "rtb-0a88147cc75d7e3e2",
            "owner_id": "577927099755",
            "region": "us-east-1",
            "tags": {
              "Name": "lm-vpc"
            },
            "tags_all": {
              "Name": "lm-vpc"
            }
          },
          "sensitive_attributes": [],
          "identity_schema_version": 0,
          "identity": {
            "account_id": "577927099755",
            "id": "vpc-05175b5d34401ce87",
            "region": "us-east-1"
          },
          "private": "eyJzY2hlbWFfdmVyc2lvbiI6IjEifQ=="
        }
      ]
    }
  ],
  "check_results": null
}
